// !$*UTF8*$!
{
	archiveVersion = 1;
	classes = {
	};
	objectVersion = 46;
	objects = {

/* Begin PBXBuildFile section */
		B98846321A60FB64001B6D4C /* Either.h in Headers */ = {isa = PBXBuildFile; fileRef = B98846311A60FB64001B6D4C /* Either.h */; settings = {ATTRIBUTES = (Public, ); }; };
		B98846381A60FB64001B6D4C /* Either.framework in Frameworks */ = {isa = PBXBuildFile; fileRef = B988462C1A60FB64001B6D4C /* Either.framework */; };
		B988463F1A60FB64001B6D4C /* EitherTests.swift in Sources */ = {isa = PBXBuildFile; fileRef = B988463E1A60FB64001B6D4C /* EitherTests.swift */; };
		B988464A1A60FB88001B6D4C /* Either.swift in Sources */ = {isa = PBXBuildFile; fileRef = B98846491A60FB88001B6D4C /* Either.swift */; };
/* End PBXBuildFile section */

/* Begin PBXContainerItemProxy section */
		B98846391A60FB64001B6D4C /* PBXContainerItemProxy */ = {
			isa = PBXContainerItemProxy;
			containerPortal = B98846231A60FB64001B6D4C /* Project object */;
			proxyType = 1;
			remoteGlobalIDString = B988462B1A60FB64001B6D4C;
			remoteInfo = Either;
		};
/* End PBXContainerItemProxy section */

/* Begin PBXFileReference section */
		B988462C1A60FB64001B6D4C /* Either.framework */ = {isa = PBXFileReference; explicitFileType = wrapper.framework; includeInIndex = 0; path = Either.framework; sourceTree = BUILT_PRODUCTS_DIR; };
		B98846301A60FB64001B6D4C /* Info.plist */ = {isa = PBXFileReference; lastKnownFileType = text.plist.xml; path = Info.plist; sourceTree = "<group>"; };
		B98846311A60FB64001B6D4C /* Either.h */ = {isa = PBXFileReference; lastKnownFileType = sourcecode.c.h; path = Either.h; sourceTree = "<group>"; };
		B98846371A60FB64001B6D4C /* EitherTests.xctest */ = {isa = PBXFileReference; explicitFileType = wrapper.cfbundle; includeInIndex = 0; path = EitherTests.xctest; sourceTree = BUILT_PRODUCTS_DIR; };
		B988463D1A60FB64001B6D4C /* Info.plist */ = {isa = PBXFileReference; lastKnownFileType = text.plist.xml; path = Info.plist; sourceTree = "<group>"; };
		B988463E1A60FB64001B6D4C /* EitherTests.swift */ = {isa = PBXFileReference; lastKnownFileType = sourcecode.swift; path = EitherTests.swift; sourceTree = "<group>"; };
		B98846491A60FB88001B6D4C /* Either.swift */ = {isa = PBXFileReference; fileEncoding = 4; lastKnownFileType = sourcecode.swift; path = Either.swift; sourceTree = "<group>"; };
/* End PBXFileReference section */

/* Begin PBXFrameworksBuildPhase section */
		B98846281A60FB64001B6D4C /* Frameworks */ = {
			isa = PBXFrameworksBuildPhase;
			buildActionMask = 2147483647;
			files = (
			);
			runOnlyForDeploymentPostprocessing = 0;
		};
		B98846341A60FB64001B6D4C /* Frameworks */ = {
			isa = PBXFrameworksBuildPhase;
			buildActionMask = 2147483647;
			files = (
				B98846381A60FB64001B6D4C /* Either.framework in Frameworks */,
			);
			runOnlyForDeploymentPostprocessing = 0;
		};
/* End PBXFrameworksBuildPhase section */

/* Begin PBXGroup section */
		B98846221A60FB64001B6D4C = {
			isa = PBXGroup;
			children = (
				B988462E1A60FB64001B6D4C /* Either */,
				B988463B1A60FB64001B6D4C /* EitherTests */,
				B988462D1A60FB64001B6D4C /* Products */,
			);
			sourceTree = "<group>";
		};
		B988462D1A60FB64001B6D4C /* Products */ = {
			isa = PBXGroup;
			children = (
				B988462C1A60FB64001B6D4C /* Either.framework */,
				B98846371A60FB64001B6D4C /* EitherTests.xctest */,
			);
			name = Products;
			sourceTree = "<group>";
		};
		B988462E1A60FB64001B6D4C /* Either */ = {
			isa = PBXGroup;
			children = (
				B98846481A60FB6A001B6D4C /* src */,
				B98846311A60FB64001B6D4C /* Either.h */,
				B988462F1A60FB64001B6D4C /* Supporting Files */,
			);
			path = Either;
			sourceTree = "<group>";
		};
		B988462F1A60FB64001B6D4C /* Supporting Files */ = {
			isa = PBXGroup;
			children = (
				B98846301A60FB64001B6D4C /* Info.plist */,
			);
			name = "Supporting Files";
			sourceTree = "<group>";
		};
		B988463B1A60FB64001B6D4C /* EitherTests */ = {
			isa = PBXGroup;
			children = (
				B988463E1A60FB64001B6D4C /* EitherTests.swift */,
				B988463C1A60FB64001B6D4C /* Supporting Files */,
			);
			path = EitherTests;
			sourceTree = "<group>";
		};
		B988463C1A60FB64001B6D4C /* Supporting Files */ = {
			isa = PBXGroup;
			children = (
				B988463D1A60FB64001B6D4C /* Info.plist */,
			);
			name = "Supporting Files";
			sourceTree = "<group>";
		};
		B98846481A60FB6A001B6D4C /* src */ = {
			isa = PBXGroup;
			children = (
				B98846491A60FB88001B6D4C /* Either.swift */,
			);
			path = src;
			sourceTree = "<group>";
		};
/* End PBXGroup section */

/* Begin PBXHeadersBuildPhase section */
		B98846291A60FB64001B6D4C /* Headers */ = {
			isa = PBXHeadersBuildPhase;
			buildActionMask = 2147483647;
			files = (
				B98846321A60FB64001B6D4C /* Either.h in Headers */,
			);
			runOnlyForDeploymentPostprocessing = 0;
		};
/* End PBXHeadersBuildPhase section */

/* Begin PBXNativeTarget section */
		B988462B1A60FB64001B6D4C /* Either */ = {
			isa = PBXNativeTarget;
			buildConfigurationList = B98846421A60FB64001B6D4C /* Build configuration list for PBXNativeTarget "Either" */;
			buildPhases = (
				B98846271A60FB64001B6D4C /* Sources */,
				B98846281A60FB64001B6D4C /* Frameworks */,
				B98846291A60FB64001B6D4C /* Headers */,
				B988462A1A60FB64001B6D4C /* Resources */,
			);
			buildRules = (
			);
			dependencies = (
			);
			name = Either;
			productName = Either;
			productReference = B988462C1A60FB64001B6D4C /* Either.framework */;
			productType = "com.apple.product-type.framework";
		};
		B98846361A60FB64001B6D4C /* EitherTests */ = {
			isa = PBXNativeTarget;
			buildConfigurationList = B98846451A60FB64001B6D4C /* Build configuration list for PBXNativeTarget "EitherTests" */;
			buildPhases = (
				B98846331A60FB64001B6D4C /* Sources */,
				B98846341A60FB64001B6D4C /* Frameworks */,
				B98846351A60FB64001B6D4C /* Resources */,
			);
			buildRules = (
			);
			dependencies = (
				B988463A1A60FB64001B6D4C /* PBXTargetDependency */,
			);
			name = EitherTests;
			productName = EitherTests;
			productReference = B98846371A60FB64001B6D4C /* EitherTests.xctest */;
			productType = "com.apple.product-type.bundle.unit-test";
		};
/* End PBXNativeTarget section */

/* Begin PBXProject section */
		B98846231A60FB64001B6D4C /* Project object */ = {
			isa = PBXProject;
			attributes = {
				LastUpgradeCheck = 0610;
				ORGANIZATIONNAME = amo;
				TargetAttributes = {
					B988462B1A60FB64001B6D4C = {
						CreatedOnToolsVersion = 6.1.1;
					};
					B98846361A60FB64001B6D4C = {
						CreatedOnToolsVersion = 6.1.1;
					};
				};
			};
			buildConfigurationList = B98846261A60FB64001B6D4C /* Build configuration list for PBXProject "Either" */;
			compatibilityVersion = "Xcode 3.2";
			developmentRegion = English;
			hasScannedForEncodings = 0;
			knownRegions = (
				en,
			);
			mainGroup = B98846221A60FB64001B6D4C;
			productRefGroup = B988462D1A60FB64001B6D4C /* Products */;
			projectDirPath = "";
			projectRoot = "";
			targets = (
				B988462B1A60FB64001B6D4C /* Either */,
				B98846361A60FB64001B6D4C /* EitherTests */,
			);
		};
/* End PBXProject section */

/* Begin PBXResourcesBuildPhase section */
		B988462A1A60FB64001B6D4C /* Resources */ = {
			isa = PBXResourcesBuildPhase;
			buildActionMask = 2147483647;
			files = (
			);
			runOnlyForDeploymentPostprocessing = 0;
		};
		B98846351A60FB64001B6D4C /* Resources */ = {
			isa = PBXResourcesBuildPhase;
			buildActionMask = 2147483647;
			files = (
			);
			runOnlyForDeploymentPostprocessing = 0;
		};
/* End PBXResourcesBuildPhase section */

/* Begin PBXSourcesBuildPhase section */
		B98846271A60FB64001B6D4C /* Sources */ = {
			isa = PBXSourcesBuildPhase;
			buildActionMask = 2147483647;
			files = (
				B988464A1A60FB88001B6D4C /* Either.swift in Sources */,
			);
			runOnlyForDeploymentPostprocessing = 0;
		};
		B98846331A60FB64001B6D4C /* Sources */ = {
			isa = PBXSourcesBuildPhase;
			buildActionMask = 2147483647;
			files = (
				B988463F1A60FB64001B6D4C /* EitherTests.swift in Sources */,
			);
			runOnlyForDeploymentPostprocessing = 0;
		};
/* End PBXSourcesBuildPhase section */

/* Begin PBXTargetDependency section */
		B988463A1A60FB64001B6D4C /* PBXTargetDependency */ = {
			isa = PBXTargetDependency;
			target = B988462B1A60FB64001B6D4C /* Either */;
			targetProxy = B98846391A60FB64001B6D4C /* PBXContainerItemProxy */;
		};
/* End PBXTargetDependency section */

/* Begin XCBuildConfiguration section */
		B98846401A60FB64001B6D4C /* Debug */ = {
			isa = XCBuildConfiguration;
			buildSettings = {
				ALWAYS_SEARCH_USER_PATHS = NO;
				CLANG_CXX_LANGUAGE_STANDARD = "gnu++0x";
				CLANG_CXX_LIBRARY = "libc++";
				CLANG_ENABLE_MODULES = YES;
				CLANG_ENABLE_OBJC_ARC = YES;
				CLANG_WARN_BOOL_CONVERSION = YES;
				CLANG_WARN_CONSTANT_CONVERSION = YES;
				CLANG_WARN_DIRECT_OBJC_ISA_USAGE = YES_ERROR;
				CLANG_WARN_EMPTY_BODY = YES;
				CLANG_WARN_ENUM_CONVERSION = YES;
				CLANG_WARN_INT_CONVERSION = YES;
				CLANG_WARN_OBJC_ROOT_CLASS = YES_ERROR;
				CLANG_WARN_UNREACHABLE_CODE = YES;
				CLANG_WARN__DUPLICATE_METHOD_MATCH = YES;
				"CODE_SIGN_IDENTITY[sdk=iphoneos*]" = "iPhone Developer";
				COPY_PHASE_STRIP = NO;
				CURRENT_PROJECT_VERSION = 1;
				ENABLE_STRICT_OBJC_MSGSEND = YES;
				GCC_C_LANGUAGE_STANDARD = gnu99;
				GCC_DYNAMIC_NO_PIC = NO;
				GCC_OPTIMIZATION_LEVEL = 0;
				GCC_PREPROCESSOR_DEFINITIONS = (
					"DEBUG=1",
					"$(inherited)",
				);
				GCC_SYMBOLS_PRIVATE_EXTERN = NO;
				GCC_WARN_64_TO_32_BIT_CONVERSION = YES;
				GCC_WARN_ABOUT_RETURN_TYPE = YES_ERROR;
				GCC_WARN_UNDECLARED_SELECTOR = YES;
				GCC_WARN_UNINITIALIZED_AUTOS = YES_AGGRESSIVE;
				GCC_WARN_UNUSED_FUNCTION = YES;
				GCC_WARN_UNUSED_VARIABLE = YES;
				IPHONEOS_DEPLOYMENT_TARGET = 8.1;
				MTL_ENABLE_DEBUG_INFO = YES;
				ONLY_ACTIVE_ARCH = YES;
				SDKROOT = iphoneos;
				SWIFT_OPTIMIZATION_LEVEL = "-Onone";
				TARGETED_DEVICE_FAMILY = "1,2";
				VERSIONING_SYSTEM = "apple-generic";
				VERSION_INFO_PREFIX = "";
			};
			name = Debug;
		};
		B98846411A60FB64001B6D4C /* Release */ = {
			isa = XCBuildConfiguration;
			buildSettings = {
				ALWAYS_SEARCH_USER_PATHS = NO;
				CLANG_CXX_LANGUAGE_STANDARD = "gnu++0x";
				CLANG_CXX_LIBRARY = "libc++";
				CLANG_ENABLE_MODULES = YES;
				CLANG_ENABLE_OBJC_ARC = YES;
				CLANG_WARN_BOOL_CONVERSION = YES;
				CLANG_WARN_CONSTANT_CONVERSION = YES;
				CLANG_WARN_DIRECT_OBJC_ISA_USAGE = YES_ERROR;
				CLANG_WARN_EMPTY_BODY = YES;
				CLANG_WARN_ENUM_CONVERSION = YES;
				CLANG_WARN_INT_CONVERSION = YES;
				CLANG_WARN_OBJC_ROOT_CLASS = YES_ERROR;
				CLANG_WARN_UNREACHABLE_CODE = YES;
				CLANG_WARN__DUPLICATE_METHOD_MATCH = YES;
				"CODE_SIGN_IDENTITY[sdk=iphoneos*]" = "iPhone Developer";
				COPY_PHASE_STRIP = YES;
				CURRENT_PROJECT_VERSION = 1;
				ENABLE_NS_ASSERTIONS = NO;
				ENABLE_STRICT_OBJC_MSGSEND = YES;
				GCC_C_LANGUAGE_STANDARD = gnu99;
				GCC_WARN_64_TO_32_BIT_CONVERSION = YES;
				GCC_WARN_ABOUT_RETURN_TYPE = YES_ERROR;
				GCC_WARN_UNDECLARED_SELECTOR = YES;
				GCC_WARN_UNINITIALIZED_AUTOS = YES_AGGRESSIVE;
				GCC_WARN_UNUSED_FUNCTION = YES;
				GCC_WARN_UNUSED_VARIABLE = YES;
				IPHONEOS_DEPLOYMENT_TARGET = 8.1;
				MTL_ENABLE_DEBUG_INFO = NO;
				SDKROOT = iphoneos;
				TARGETED_DEVICE_FAMILY = "1,2";
				VALIDATE_PRODUCT = YES;
				VERSIONING_SYSTEM = "apple-generic";
				VERSION_INFO_PREFIX = "";
			};
			name = Release;
		};
		B98846431A60FB64001B6D4C /* Debug */ = {
			isa = XCBuildConfiguration;
			buildSettings = {
				CLANG_ENABLE_MODULES = YES;
				DEFINES_MODULE = YES;
				DYLIB_COMPATIBILITY_VERSION = 1;
				DYLIB_CURRENT_VERSION = 1;
				DYLIB_INSTALL_NAME_BASE = "@rpath";
				INFOPLIST_FILE = Either/Info.plist;
				INSTALL_PATH = "$(LOCAL_LIBRARY_DIR)/Frameworks";
				LD_RUNPATH_SEARCH_PATHS = "$(inherited) @executable_path/Frameworks @loader_path/Frameworks";
				PRODUCT_NAME = "$(TARGET_NAME)";
				SKIP_INSTALL = YES;
				SWIFT_OPTIMIZATION_LEVEL = "-Onone";
			};
			name = Debug;
		};
		B98846441A60FB64001B6D4C /* Release */ = {
			isa = XCBuildConfiguration;
			buildSettings = {
				CLANG_ENABLE_MODULES = YES;
				DEFINES_MODULE = YES;
				DYLIB_COMPATIBILITY_VERSION = 1;
				DYLIB_CURRENT_VERSION = 1;
				DYLIB_INSTALL_NAME_BASE = "@rpath";
				INFOPLIST_FILE = Either/Info.plist;
				INSTALL_PATH = "$(LOCAL_LIBRARY_DIR)/Frameworks";
				LD_RUNPATH_SEARCH_PATHS = "$(inherited) @executable_path/Frameworks @loader_path/Frameworks";
				PRODUCT_NAME = "$(TARGET_NAME)";
				SKIP_INSTALL = YES;
			};
			name = Release;
		};
		B98846461A60FB64001B6D4C /* Debug */ = {
			isa = XCBuildConfiguration;
			buildSettings = {
				FRAMEWORK_SEARCH_PATHS = (
					"$(SDKROOT)/Developer/Library/Frameworks",
					"$(inherited)",
				);
				GCC_PREPROCESSOR_DEFINITIONS = (
					"DEBUG=1",
					"$(inherited)",
				);
				INFOPLIST_FILE = EitherTests/Info.plist;
				LD_RUNPATH_SEARCH_PATHS = "$(inherited) @executable_path/Frameworks @loader_path/Frameworks";
				PRODUCT_NAME = "$(TARGET_NAME)";
			};
			name = Debug;
		};
		B98846471A60FB64001B6D4C /* Release */ = {
			isa = XCBuildConfiguration;
			buildSettings = {
				FRAMEWORK_SEARCH_PATHS = (
					"$(SDKROOT)/Developer/Library/Frameworks",
					"$(inherited)",
				);
				INFOPLIST_FILE = EitherTests/Info.plist;
				LD_RUNPATH_SEARCH_PATHS = "$(inherited) @executable_path/Frameworks @loader_path/Frameworks";
				PRODUCT_NAME = "$(TARGET_NAME)";
			};
			name = Release;
		};
/* End XCBuildConfiguration section */

/* Begin XCConfigurationList section */
		B98846261A60FB64001B6D4C /* Build configuration list for PBXProject "Either" */ = {
			isa = XCConfigurationList;
			buildConfigurations = (
				B98846401A60FB64001B6D4C /* Debug */,
				B98846411A60FB64001B6D4C /* Release */,
			);
			defaultConfigurationIsVisible = 0;
			defaultConfigurationName = Release;
		};
		B98846421A60FB64001B6D4C /* Build configuration list for PBXNativeTarget "Either" */ = {
			isa = XCConfigurationList;
			buildConfigurations = (
				B98846431A60FB64001B6D4C /* Debug */,
				B98846441A60FB64001B6D4C /* Release */,
			);
			defaultConfigurationIsVisible = 0;
		};
		B98846451A60FB64001B6D4C /* Build configuration list for PBXNativeTarget "EitherTests" */ = {
			isa = XCConfigurationList;
			buildConfigurations = (
				B98846461A60FB64001B6D4C /* Debug */,
				B98846471A60FB64001B6D4C /* Release */,
			);
			defaultConfigurationIsVisible = 0;
		};
/* End XCConfigurationList section */
	};
	rootObject = B98846231A60FB64001B6D4C /* Project object */;
}
